
Microsoft Visual Studio Solution File, Format Version 12.00
# Visual Studio Version 17
VisualStudioVersion = 17.14.36603.0 d17.14
MinimumVisualStudioVersion = 10.0.40219.1
Project("{2150E333-8FDC-42A3-9474-1A3956D46DE8}") = "Services", "Services", "{78F2AA1C-AEB8-4EF7-B671-D6E0E729EBA1}"
EndProject
Project("{2150E333-8FDC-42A3-9474-1A3956D46DE8}") = "Catalog", "Catalog", "{65B32087-2300-46E7-A59F-25D91F880CD7}"
EndProject
Project("{FAE04EC0-301F-11D3-BF4B-00C04F79EFBC}") = "Catalog.API", "Services\Catalog\Catalog.API\Catalog.API.csproj", "{5AFDDB3D-DCD5-4919-9395-D167521DD7F5}"
EndProject
Project("{2150E333-8FDC-42A3-9474-1A3956D46DE8}") = "BuildingBlocks", "BuildingBlocks", "{1785BFA3-C80C-4428-867E-36BD5DFFAF45}"
EndProject
Project("{FAE04EC0-301F-11D3-BF4B-00C04F79EFBC}") = "BuildingBlocks", "BuildingBlocks\BuildingBlocks\BuildingBlocks.csproj", "{6454D613-BB79-49B9-81F3-13262718B32F}"
EndProject
Project("{E53339B2-1760-4266-BCC7-CA923CBCF16C}") = "docker-compose", "docker-compose.dcproj", "{81DDED9D-158B-E303-5F62-77A2896D2A5A}"
EndProject
Project("{2150E333-8FDC-42A3-9474-1A3956D46DE8}") = "Basket", "Basket", "{5BBF41DE-9572-46A4-9D24-1FFAD4089102}"
EndProject
Project("{FAE04EC0-301F-11D3-BF4B-00C04F79EFBC}") = "Basket.API", "Services\Basket\Basket.API\Basket.API.csproj", "{EE841227-7FA7-4F5A-8353-1A2DE716FF44}"
EndProject
Project("{2150E333-8FDC-42A3-9474-1A3956D46DE8}") = "Discount", "Discount", "{95F95FA5-058E-4788-BACF-1618F7E8056F}"
EndProject
Project("{FAE04EC0-301F-11D3-BF4B-00C04F79EFBC}") = "Discount.Grpc", "Services\Discount\Discount.Grpc\Discount.Grpc.csproj", "{47DDD6E9-3784-4630-A1F8-38220C2FC162}"
EndProject
Project("{2150E333-8FDC-42A3-9474-1A3956D46DE8}") = "Ordering", "Ordering", "{6DC4B4F8-E916-4ED3-85C5-069780630D89}"
EndProject
Project("{FAE04EC0-301F-11D3-BF4B-00C04F79EFBC}") = "Ordering.API", "Services\Ordering\Ordering.API\Ordering.API.csproj", "{AC75597C-EE69-413D-AACA-5DAD74315B7B}"
EndProject
Project("{FAE04EC0-301F-11D3-BF4B-00C04F79EFBC}") = "Ordering.Domain", "Services\Ordering\Ordering.Domain\Ordering.Domain.csproj", "{69006C16-96AA-468F-9F1E-A2A7DE99F7C0}"
EndProject
Project("{FAE04EC0-301F-11D3-BF4B-00C04F79EFBC}") = "Ordering.Application", "Services\Ordering\Ordering.Application\Ordering.Application.csproj", "{C31DF079-D1D6-4896-AA94-FAD69FBCBBA8}"
EndProject
Project("{FAE04EC0-301F-11D3-BF4B-00C04F79EFBC}") = "Ordering.Infrastructure", "Services\Ordering\Ordering.Infrastructure\Ordering.Infrastructure.csproj", "{AA8C9D3E-AD1D-47A4-A1C4-1CC35EA19D9A}"
EndProject
Project("{FAE04EC0-301F-11D3-BF4B-00C04F79EFBC}") = "BuildingBlocks.Messaging", "BuildingBlocks\BuildingBlocks.Messaging\BuildingBlocks.Messaging.csproj", "{AA7A2EFB-2724-473B-8E9C-856B57D253C8}"
EndProject
Global
	GlobalSection(SolutionConfigurationPlatforms) = preSolution
		Debug|Any CPU = Debug|Any CPU
		Release|Any CPU = Release|Any CPU
	EndGlobalSection
	GlobalSection(ProjectConfigurationPlatforms) = postSolution
		{5AFDDB3D-DCD5-4919-9395-D167521DD7F5}.Debug|Any CPU.ActiveCfg = Debug|Any CPU
		{5AFDDB3D-DCD5-4919-9395-D167521DD7F5}.Debug|Any CPU.Build.0 = Debug|Any CPU
		{5AFDDB3D-DCD5-4919-9395-D167521DD7F5}.Release|Any CPU.ActiveCfg = Release|Any CPU
		{5AFDDB3D-DCD5-4919-9395-D167521DD7F5}.Release|Any CPU.Build.0 = Release|Any CPU
		{6454D613-BB79-49B9-81F3-13262718B32F}.Debug|Any CPU.ActiveCfg = Debug|Any CPU
		{6454D613-BB79-49B9-81F3-13262718B32F}.Debug|Any CPU.Build.0 = Debug|Any CPU
		{6454D613-BB79-49B9-81F3-13262718B32F}.Release|Any CPU.ActiveCfg = Release|Any CPU
		{6454D613-BB79-49B9-81F3-13262718B32F}.Release|Any CPU.Build.0 = Release|Any CPU
		{81DDED9D-158B-E303-5F62-77A2896D2A5A}.Debug|Any CPU.ActiveCfg = Debug|Any CPU
		{81DDED9D-158B-E303-5F62-77A2896D2A5A}.Debug|Any CPU.Build.0 = Debug|Any CPU
		{81DDED9D-158B-E303-5F62-77A2896D2A5A}.Release|Any CPU.ActiveCfg = Release|Any CPU
		{81DDED9D-158B-E303-5F62-77A2896D2A5A}.Release|Any CPU.Build.0 = Release|Any CPU
		{EE841227-7FA7-4F5A-8353-1A2DE716FF44}.Debug|Any CPU.ActiveCfg = Debug|Any CPU
		{EE841227-7FA7-4F5A-8353-1A2DE716FF44}.Debug|Any CPU.Build.0 = Debug|Any CPU
		{EE841227-7FA7-4F5A-8353-1A2DE716FF44}.Release|Any CPU.ActiveCfg = Release|Any CPU
		{EE841227-7FA7-4F5A-8353-1A2DE716FF44}.Release|Any CPU.Build.0 = Release|Any CPU
		{47DDD6E9-3784-4630-A1F8-38220C2FC162}.Debug|Any CPU.ActiveCfg = Debug|Any CPU
		{47DDD6E9-3784-4630-A1F8-38220C2FC162}.Debug|Any CPU.Build.0 = Debug|Any CPU
		{47DDD6E9-3784-4630-A1F8-38220C2FC162}.Release|Any CPU.ActiveCfg = Release|Any CPU
		{47DDD6E9-3784-4630-A1F8-38220C2FC162}.Release|Any CPU.Build.0 = Release|Any CPU
		{AC75597C-EE69-413D-AACA-5DAD74315B7B}.Debug|Any CPU.ActiveCfg = Debug|Any CPU
		{AC75597C-EE69-413D-AACA-5DAD74315B7B}.Debug|Any CPU.Build.0 = Debug|Any CPU
		{AC75597C-EE69-413D-AACA-5DAD74315B7B}.Release|Any CPU.ActiveCfg = Release|Any CPU
		{AC75597C-EE69-413D-AACA-5DAD74315B7B}.Release|Any CPU.Build.0 = Release|Any CPU
		{69006C16-96AA-468F-9F1E-A2A7DE99F7C0}.Debug|Any CPU.ActiveCfg = Debug|Any CPU
		{69006C16-96AA-468F-9F1E-A2A7DE99F7C0}.Debug|Any CPU.Build.0 = Debug|Any CPU
		{69006C16-96AA-468F-9F1E-A2A7DE99F7C0}.Release|Any CPU.ActiveCfg = Release|Any CPU
		{69006C16-96AA-468F-9F1E-A2A7DE99F7C0}.Release|Any CPU.Build.0 = Release|Any CPU
		{C31DF079-D1D6-4896-AA94-FAD69FBCBBA8}.Debug|Any CPU.ActiveCfg = Debug|Any CPU
		{C31DF079-D1D6-4896-AA94-FAD69FBCBBA8}.Debug|Any CPU.Build.0 = Debug|Any CPU
		{C31DF079-D1D6-4896-AA94-FAD69FBCBBA8}.Release|Any CPU.ActiveCfg = Release|Any CPU
		{C31DF079-D1D6-4896-AA94-FAD69FBCBBA8}.Release|Any CPU.Build.0 = Release|Any CPU
		{AA8C9D3E-AD1D-47A4-A1C4-1CC35EA19D9A}.Debug|Any CPU.ActiveCfg = Debug|Any CPU
		{AA8C9D3E-AD1D-47A4-A1C4-1CC35EA19D9A}.Debug|Any CPU.Build.0 = Debug|Any CPU
		{AA8C9D3E-AD1D-47A4-A1C4-1CC35EA19D9A}.Release|Any CPU.ActiveCfg = Release|Any CPU
		{AA8C9D3E-AD1D-47A4-A1C4-1CC35EA19D9A}.Release|Any CPU.Build.0 = Release|Any CPU
		{AA7A2EFB-2724-473B-8E9C-856B57D253C8}.Debug|Any CPU.ActiveCfg = Debug|Any CPU
		{AA7A2EFB-2724-473B-8E9C-856B57D253C8}.Debug|Any CPU.Build.0 = Debug|Any CPU
		{AA7A2EFB-2724-473B-8E9C-856B57D253C8}.Release|Any CPU.ActiveCfg = Release|Any CPU
		{AA7A2EFB-2724-473B-8E9C-856B57D253C8}.Release|Any CPU.Build.0 = Release|Any CPU
	EndGlobalSection
	GlobalSection(SolutionProperties) = preSolution
		HideSolutionNode = FALSE
	EndGlobalSection
	GlobalSection(NestedProjects) = preSolution
		{65B32087-2300-46E7-A59F-25D91F880CD7} = {78F2AA1C-AEB8-4EF7-B671-D6E0E729EBA1}
		{5AFDDB3D-DCD5-4919-9395-D167521DD7F5} = {65B32087-2300-46E7-A59F-25D91F880CD7}
		{6454D613-BB79-49B9-81F3-13262718B32F} = {1785BFA3-C80C-4428-867E-36BD5DFFAF45}
		{5BBF41DE-9572-46A4-9D24-1FFAD4089102} = {78F2AA1C-AEB8-4EF7-B671-D6E0E729EBA1}
		{EE841227-7FA7-4F5A-8353-1A2DE716FF44} = {5BBF41DE-9572-46A4-9D24-1FFAD4089102}
		{95F95FA5-058E-4788-BACF-1618F7E8056F} = {78F2AA1C-AEB8-4EF7-B671-D6E0E729EBA1}
		{47DDD6E9-3784-4630-A1F8-38220C2FC162} = {95F95FA5-058E-4788-BACF-1618F7E8056F}
		{6DC4B4F8-E916-4ED3-85C5-069780630D89} = {78F2AA1C-AEB8-4EF7-B671-D6E0E729EBA1}
		{AC75597C-EE69-413D-AACA-5DAD74315B7B} = {6DC4B4F8-E916-4ED3-85C5-069780630D89}
		{69006C16-96AA-468F-9F1E-A2A7DE99F7C0} = {6DC4B4F8-E916-4ED3-85C5-069780630D89}
		{C31DF079-D1D6-4896-AA94-FAD69FBCBBA8} = {6DC4B4F8-E916-4ED3-85C5-069780630D89}
		{AA8C9D3E-AD1D-47A4-A1C4-1CC35EA19D9A} = {6DC4B4F8-E916-4ED3-85C5-069780630D89}
		{AA7A2EFB-2724-473B-8E9C-856B57D253C8} = {1785BFA3-C80C-4428-867E-36BD5DFFAF45}
	EndGlobalSection
EndGlobal
